
Microsoft Visual Studio Solution File, Format Version 12.00
# Visual Studio 14
VisualStudioVersion = 14.0.25420.1
MinimumVisualStudioVersion = 10.0.40219.1
Project("{FAE04EC0-301F-11D3-BF4B-00C04F79EFBC}") = "HomeStockAPI", "HomeStockAPI\HomeStockAPI.csproj", "{2F5CF398-4268-4553-806F-D94F003158A9}"
EndProject
Project("{FAE04EC0-301F-11D3-BF4B-00C04F79EFBC}") = "HomeStockLibrary", "HomeStockLibrary\HomeStockLibrary.csproj", "{7055EB6B-452E-4127-B032-DB510659172C}"
EndProject
Project("{FAE04EC0-301F-11D3-BF4B-00C04F79EFBC}") = "HomeStock.Business", "HomeStock.Business\HomeStock.Business.csproj", "{555864CD-62BA-4585-AF82-1DEA3EA28FED}"
EndProject
Project("{FAE04EC0-301F-11D3-BF4B-00C04F79EFBC}") = "HomeStock", "HomeStock\HomeStock.csproj", "{E1308C11-DA45-4C4A-AC71-55AF43389F37}"
EndProject
Global
	GlobalSection(SolutionConfigurationPlatforms) = preSolution
		Debug|Any CPU = Debug|Any CPU
		Release|Any CPU = Release|Any CPU
	EndGlobalSection
	GlobalSection(ProjectConfigurationPlatforms) = postSolution
		{2F5CF398-4268-4553-806F-D94F003158A9}.Debug|Any CPU.ActiveCfg = Debug|Any CPU
		{2F5CF398-4268-4553-806F-D94F003158A9}.Debug|Any CPU.Build.0 = Debug|Any CPU
		{2F5CF398-4268-4553-806F-D94F003158A9}.Release|Any CPU.ActiveCfg = Release|Any CPU
		{2F5CF398-4268-4553-806F-D94F003158A9}.Release|Any CPU.Build.0 = Release|Any CPU
		{7055EB6B-452E-4127-B032-DB510659172C}.Debug|Any CPU.ActiveCfg = Debug|Any CPU
		{7055EB6B-452E-4127-B032-DB510659172C}.Debug|Any CPU.Build.0 = Debug|Any CPU
		{7055EB6B-452E-4127-B032-DB510659172C}.Release|Any CPU.ActiveCfg = Release|Any CPU
		{7055EB6B-452E-4127-B032-DB510659172C}.Release|Any CPU.Build.0 = Release|Any CPU
		{555864CD-62BA-4585-AF82-1DEA3EA28FED}.Debug|Any CPU.ActiveCfg = Debug|Any CPU
		{555864CD-62BA-4585-AF82-1DEA3EA28FED}.Debug|Any CPU.Build.0 = Debug|Any CPU
		{555864CD-62BA-4585-AF82-1DEA3EA28FED}.Release|Any CPU.ActiveCfg = Release|Any CPU
		{555864CD-62BA-4585-AF82-1DEA3EA28FED}.Release|Any CPU.Build.0 = Release|Any CPU
		{E1308C11-DA45-4C4A-AC71-55AF43389F37}.Debug|Any CPU.ActiveCfg = Debug|Any CPU
		{E1308C11-DA45-4C4A-AC71-55AF43389F37}.Debug|Any CPU.Build.0 = Debug|Any CPU
		{E1308C11-DA45-4C4A-AC71-55AF43389F37}.Release|Any CPU.ActiveCfg = Release|Any CPU
		{E1308C11-DA45-4C4A-AC71-55AF43389F37}.Release|Any CPU.Build.0 = Release|Any CPU
	EndGlobalSection
	GlobalSection(SolutionProperties) = preSolution
		HideSolutionNode = FALSE
	EndGlobalSection
EndGlobal
